// !$*UTF8*$!
{
	archiveVersion = 1;
	classes = {
	};
	objectVersion = 50;
	objects = {

/* Begin PBXBuildFile section */
		B403FBA921D7C823004C352B /* SettableTests.swift in Sources */ = {isa = PBXBuildFile; fileRef = B403FBA821D7C823004C352B /* SettableTests.swift */; };
		B403FBAB21D7D0DD004C352B /* ConfigurableTests.swift in Sources */ = {isa = PBXBuildFile; fileRef = B403FBAA21D7D0DD004C352B /* ConfigurableTests.swift */; };
		B403FBAE21D7D849004C352B /* IntConvenienceTests.swift in Sources */ = {isa = PBXBuildFile; fileRef = B403FBAD21D7D849004C352B /* IntConvenienceTests.swift */; };
		B403FBB021D7D97E004C352B /* SetConvenienceTests.swift in Sources */ = {isa = PBXBuildFile; fileRef = B403FBAF21D7D97E004C352B /* SetConvenienceTests.swift */; };
		B403FBB321D7DC83004C352B /* CoordinateTests.swift in Sources */ = {isa = PBXBuildFile; fileRef = B403FBB221D7DC83004C352B /* CoordinateTests.swift */; };
		B403FBB621D7F35F004C352B /* SizeTests.swift in Sources */ = {isa = PBXBuildFile; fileRef = B403FBB521D7F35F004C352B /* SizeTests.swift */; };
		B41D59D321D342E20009A216 /* Blockus.framework in Frameworks */ = {isa = PBXBuildFile; fileRef = B41D59C921D342E20009A216 /* Blockus.framework */; };
		B41D59DA21D342E20009A216 /* Blockus.h in Headers */ = {isa = PBXBuildFile; fileRef = B41D59CC21D342E20009A216 /* Blockus.h */; settings = {ATTRIBUTES = (Public, ); }; };
		B41D59E521D3432F0009A216 /* Settable.swift in Sources */ = {isa = PBXBuildFile; fileRef = B41D59E421D3432F0009A216 /* Settable.swift */; };
		B41D59EA21D345A10009A216 /* Color.swift in Sources */ = {isa = PBXBuildFile; fileRef = B41D59E921D345A10009A216 /* Color.swift */; };
		B41D59EC21D345B30009A216 /* UIColor+Color.swift in Sources */ = {isa = PBXBuildFile; fileRef = B41D59EB21D345B30009A216 /* UIColor+Color.swift */; };
		B41D59F021D345E60009A216 /* Tile.swift in Sources */ = {isa = PBXBuildFile; fileRef = B41D59EF21D345E60009A216 /* Tile.swift */; };
		B41D59F221D345FF0009A216 /* Coordinate.swift in Sources */ = {isa = PBXBuildFile; fileRef = B41D59F121D345FF0009A216 /* Coordinate.swift */; };
		B41D59F521D346410009A216 /* Int+Convenience.swift in Sources */ = {isa = PBXBuildFile; fileRef = B41D59F421D346410009A216 /* Int+Convenience.swift */; };
		B41D59F821D346700009A216 /* Size.swift in Sources */ = {isa = PBXBuildFile; fileRef = B41D59F721D346700009A216 /* Size.swift */; };
		B41D59FA21D3469F0009A216 /* Axis.swift in Sources */ = {isa = PBXBuildFile; fileRef = B41D59F921D3469F0009A216 /* Axis.swift */; };
		B41D59FC21D346B90009A216 /* Board.swift in Sources */ = {isa = PBXBuildFile; fileRef = B41D59FB21D346B90009A216 /* Board.swift */; };
		B41D59FE21D347080009A216 /* Piece.swift in Sources */ = {isa = PBXBuildFile; fileRef = B41D59FD21D347080009A216 /* Piece.swift */; };
		B4B2731421D66AFA0094EB09 /* Set+Convenience.swift in Sources */ = {isa = PBXBuildFile; fileRef = B4B2731321D66AFA0094EB09 /* Set+Convenience.swift */; };
		B4B2731621D6721C0094EB09 /* Configurable.swift in Sources */ = {isa = PBXBuildFile; fileRef = B4B2731521D6721C0094EB09 /* Configurable.swift */; };
		B4BBF83521D5CC8D008643B2 /* PieceConfiguration.swift in Sources */ = {isa = PBXBuildFile; fileRef = B4BBF83421D5CC8D008643B2 /* PieceConfiguration.swift */; };
		B4BBF83721D5D1AD008643B2 /* Direction.swift in Sources */ = {isa = PBXBuildFile; fileRef = B4BBF83621D5D1AD008643B2 /* Direction.swift */; };
		B4BBF83921D5D1C6008643B2 /* DegreeAmount.swift in Sources */ = {isa = PBXBuildFile; fileRef = B4BBF83821D5D1C6008643B2 /* DegreeAmount.swift */; };
/* End PBXBuildFile section */

/* Begin PBXContainerItemProxy section */
		B41D59D421D342E20009A216 /* PBXContainerItemProxy */ = {
			isa = PBXContainerItemProxy;
			containerPortal = B41D59C021D342E20009A216 /* Project object */;
			proxyType = 1;
			remoteGlobalIDString = B41D59C821D342E20009A216;
			remoteInfo = Blockus;
		};
/* End PBXContainerItemProxy section */

/* Begin PBXFileReference section */
		B403FBA721D7C822004C352B /* BlockusTests-Bridging-Header.h */ = {isa = PBXFileReference; lastKnownFileType = sourcecode.c.h; path = "BlockusTests-Bridging-Header.h"; sourceTree = "<group>"; };
		B403FBA821D7C823004C352B /* SettableTests.swift */ = {isa = PBXFileReference; lastKnownFileType = sourcecode.swift; path = SettableTests.swift; sourceTree = "<group>"; };
		B403FBAA21D7D0DD004C352B /* ConfigurableTests.swift */ = {isa = PBXFileReference; lastKnownFileType = sourcecode.swift; path = ConfigurableTests.swift; sourceTree = "<group>"; };
		B403FBAD21D7D849004C352B /* IntConvenienceTests.swift */ = {isa = PBXFileReference; lastKnownFileType = sourcecode.swift; path = IntConvenienceTests.swift; sourceTree = "<group>"; };
		B403FBAF21D7D97E004C352B /* SetConvenienceTests.swift */ = {isa = PBXFileReference; lastKnownFileType = sourcecode.swift; path = SetConvenienceTests.swift; sourceTree = "<group>"; };
		B403FBB221D7DC83004C352B /* CoordinateTests.swift */ = {isa = PBXFileReference; lastKnownFileType = sourcecode.swift; path = CoordinateTests.swift; sourceTree = "<group>"; };
		B403FBB521D7F35F004C352B /* SizeTests.swift */ = {isa = PBXFileReference; lastKnownFileType = sourcecode.swift; path = SizeTests.swift; sourceTree = "<group>"; };
		B41D59C921D342E20009A216 /* Blockus.framework */ = {isa = PBXFileReference; explicitFileType = wrapper.framework; includeInIndex = 0; path = Blockus.framework; sourceTree = BUILT_PRODUCTS_DIR; };
		B41D59CC21D342E20009A216 /* Blockus.h */ = {isa = PBXFileReference; lastKnownFileType = sourcecode.c.h; path = Blockus.h; sourceTree = "<group>"; };
		B41D59CD21D342E20009A216 /* Info.plist */ = {isa = PBXFileReference; lastKnownFileType = text.plist.xml; path = Info.plist; sourceTree = "<group>"; };
		B41D59D221D342E20009A216 /* BlockusTests.xctest */ = {isa = PBXFileReference; explicitFileType = wrapper.cfbundle; includeInIndex = 0; path = BlockusTests.xctest; sourceTree = BUILT_PRODUCTS_DIR; };
		B41D59D921D342E20009A216 /* Info.plist */ = {isa = PBXFileReference; lastKnownFileType = text.plist.xml; path = Info.plist; sourceTree = "<group>"; };
		B41D59E421D3432F0009A216 /* Settable.swift */ = {isa = PBXFileReference; lastKnownFileType = sourcecode.swift; path = Settable.swift; sourceTree = "<group>"; usesTabs = 0; };
		B41D59E921D345A10009A216 /* Color.swift */ = {isa = PBXFileReference; lastKnownFileType = sourcecode.swift; path = Color.swift; sourceTree = "<group>"; };
		B41D59EB21D345B30009A216 /* UIColor+Color.swift */ = {isa = PBXFileReference; lastKnownFileType = sourcecode.swift; path = "UIColor+Color.swift"; sourceTree = "<group>"; };
		B41D59EF21D345E60009A216 /* Tile.swift */ = {isa = PBXFileReference; lastKnownFileType = sourcecode.swift; path = Tile.swift; sourceTree = "<group>"; };
		B41D59F121D345FF0009A216 /* Coordinate.swift */ = {isa = PBXFileReference; lastKnownFileType = sourcecode.swift; path = Coordinate.swift; sourceTree = "<group>"; };
		B41D59F421D346410009A216 /* Int+Convenience.swift */ = {isa = PBXFileReference; lastKnownFileType = sourcecode.swift; path = "Int+Convenience.swift"; sourceTree = "<group>"; };
		B41D59F721D346700009A216 /* Size.swift */ = {isa = PBXFileReference; lastKnownFileType = sourcecode.swift; path = Size.swift; sourceTree = "<group>"; };
		B41D59F921D3469F0009A216 /* Axis.swift */ = {isa = PBXFileReference; lastKnownFileType = sourcecode.swift; path = Axis.swift; sourceTree = "<group>"; };
		B41D59FB21D346B90009A216 /* Board.swift */ = {isa = PBXFileReference; lastKnownFileType = sourcecode.swift; path = Board.swift; sourceTree = "<group>"; };
		B41D59FD21D347080009A216 /* Piece.swift */ = {isa = PBXFileReference; lastKnownFileType = sourcecode.swift; path = Piece.swift; sourceTree = "<group>"; };
		B4B2731321D66AFA0094EB09 /* Set+Convenience.swift */ = {isa = PBXFileReference; lastKnownFileType = sourcecode.swift; path = "Set+Convenience.swift"; sourceTree = "<group>"; };
		B4B2731521D6721C0094EB09 /* Configurable.swift */ = {isa = PBXFileReference; lastKnownFileType = sourcecode.swift; path = Configurable.swift; sourceTree = "<group>"; };
		B4BBF83421D5CC8D008643B2 /* PieceConfiguration.swift */ = {isa = PBXFileReference; lastKnownFileType = sourcecode.swift; path = PieceConfiguration.swift; sourceTree = "<group>"; };
		B4BBF83621D5D1AD008643B2 /* Direction.swift */ = {isa = PBXFileReference; lastKnownFileType = sourcecode.swift; path = Direction.swift; sourceTree = "<group>"; };
		B4BBF83821D5D1C6008643B2 /* DegreeAmount.swift */ = {isa = PBXFileReference; lastKnownFileType = sourcecode.swift; path = DegreeAmount.swift; sourceTree = "<group>"; };
/* End PBXFileReference section */

/* Begin PBXFrameworksBuildPhase section */
		B41D59C621D342E20009A216 /* Frameworks */ = {
			isa = PBXFrameworksBuildPhase;
			buildActionMask = 2147483647;
			files = (
			);
			runOnlyForDeploymentPostprocessing = 0;
		};
		B41D59CF21D342E20009A216 /* Frameworks */ = {
			isa = PBXFrameworksBuildPhase;
			buildActionMask = 2147483647;
			files = (
				B41D59D321D342E20009A216 /* Blockus.framework in Frameworks */,
			);
			runOnlyForDeploymentPostprocessing = 0;
		};
/* End PBXFrameworksBuildPhase section */

/* Begin PBXGroup section */
		B403FBAC21D7D82C004C352B /* Utilities */ = {
			isa = PBXGroup;
			children = (
				B403FBA821D7C823004C352B /* SettableTests.swift */,
				B403FBAA21D7D0DD004C352B /* ConfigurableTests.swift */,
				B403FBB121D7DC58004C352B /* Extensions */,
			);
			path = Utilities;
			sourceTree = "<group>";
		};
		B403FBB121D7DC58004C352B /* Extensions */ = {
			isa = PBXGroup;
			children = (
				B403FBAD21D7D849004C352B /* IntConvenienceTests.swift */,
				B403FBAF21D7D97E004C352B /* SetConvenienceTests.swift */,
			);
			path = Extensions;
			sourceTree = "<group>";
		};
		B403FBB421D7DC86004C352B /* Model */ = {
			isa = PBXGroup;
			children = (
				B403FBB221D7DC83004C352B /* CoordinateTests.swift */,
				B403FBB521D7F35F004C352B /* SizeTests.swift */,
			);
			path = Model;
			sourceTree = "<group>";
		};
		B41D59BF21D342E20009A216 = {
			isa = PBXGroup;
			children = (
				B41D59CB21D342E20009A216 /* Blockus */,
				B41D59D621D342E20009A216 /* BlockusTests */,
				B41D59CA21D342E20009A216 /* Products */,
			);
			sourceTree = "<group>";
		};
		B41D59CA21D342E20009A216 /* Products */ = {
			isa = PBXGroup;
			children = (
				B41D59C921D342E20009A216 /* Blockus.framework */,
				B41D59D221D342E20009A216 /* BlockusTests.xctest */,
			);
			name = Products;
			sourceTree = "<group>";
		};
		B41D59CB21D342E20009A216 /* Blockus */ = {
			isa = PBXGroup;
			children = (
				B41D59E321D3431B0009A216 /* Utilities */,
				B41D5A0221D348360009A216 /* Resources */,
				B41D59E821D345950009A216 /* Models */,
			);
			path = Blockus;
			sourceTree = "<group>";
		};
		B41D59D621D342E20009A216 /* BlockusTests */ = {
			isa = PBXGroup;
			children = (
				B41D59D921D342E20009A216 /* Info.plist */,
				B403FBB421D7DC86004C352B /* Model */,
				B403FBAC21D7D82C004C352B /* Utilities */,
				B403FBA721D7C822004C352B /* BlockusTests-Bridging-Header.h */,
			);
			path = BlockusTests;
			sourceTree = "<group>";
		};
		B41D59E321D3431B0009A216 /* Utilities */ = {
			isa = PBXGroup;
			children = (
				B41D59E421D3432F0009A216 /* Settable.swift */,
				B4B2731521D6721C0094EB09 /* Configurable.swift */,
				B41D59F621D346440009A216 /* Extensions */,
			);
			path = Utilities;
			sourceTree = "<group>";
		};
		B41D59E821D345950009A216 /* Models */ = {
			isa = PBXGroup;
			children = (
				B41D5A0121D348270009A216 /* Helper */,
				B41D59EF21D345E60009A216 /* Tile.swift */,
				B41D59FB21D346B90009A216 /* Board.swift */,
				B4BBF83121D5CA0A008643B2 /* Piece */,
			);
			path = Models;
			sourceTree = "<group>";
		};
		B41D59F621D346440009A216 /* Extensions */ = {
			isa = PBXGroup;
			children = (
				B41D59F421D346410009A216 /* Int+Convenience.swift */,
				B4B2731321D66AFA0094EB09 /* Set+Convenience.swift */,
			);
			path = Extensions;
			sourceTree = "<group>";
		};
		B41D5A0121D348270009A216 /* Helper */ = {
			isa = PBXGroup;
			children = (
				B41D59F721D346700009A216 /* Size.swift */,
				B41D59F121D345FF0009A216 /* Coordinate.swift */,
				B41D59E921D345A10009A216 /* Color.swift */,
				B41D59EB21D345B30009A216 /* UIColor+Color.swift */,
				B41D59F921D3469F0009A216 /* Axis.swift */,
				B4BBF83621D5D1AD008643B2 /* Direction.swift */,
				B4BBF83821D5D1C6008643B2 /* DegreeAmount.swift */,
			);
			path = Helper;
			sourceTree = "<group>";
		};
		B41D5A0221D348360009A216 /* Resources */ = {
			isa = PBXGroup;
			children = (
				B41D59CC21D342E20009A216 /* Blockus.h */,
				B41D59CD21D342E20009A216 /* Info.plist */,
			);
			path = Resources;
			sourceTree = "<group>";
		};
		B4BBF83121D5CA0A008643B2 /* Piece */ = {
			isa = PBXGroup;
			children = (
				B41D59FD21D347080009A216 /* Piece.swift */,
				B4BBF83421D5CC8D008643B2 /* PieceConfiguration.swift */,
			);
			path = Piece;
			sourceTree = "<group>";
		};
/* End PBXGroup section */

/* Begin PBXHeadersBuildPhase section */
		B41D59C421D342E20009A216 /* Headers */ = {
			isa = PBXHeadersBuildPhase;
			buildActionMask = 2147483647;
			files = (
				B41D59DA21D342E20009A216 /* Blockus.h in Headers */,
			);
			runOnlyForDeploymentPostprocessing = 0;
		};
/* End PBXHeadersBuildPhase section */

/* Begin PBXNativeTarget section */
		B41D59C821D342E20009A216 /* Blockus */ = {
			isa = PBXNativeTarget;
			buildConfigurationList = B41D59DD21D342E20009A216 /* Build configuration list for PBXNativeTarget "Blockus" */;
			buildPhases = (
				B41D59C421D342E20009A216 /* Headers */,
				B41D59C521D342E20009A216 /* Sources */,
				B41D59C621D342E20009A216 /* Frameworks */,
				B41D59C721D342E20009A216 /* Resources */,
			);
			buildRules = (
			);
			dependencies = (
			);
			name = Blockus;
			productName = Blockus;
			productReference = B41D59C921D342E20009A216 /* Blockus.framework */;
			productType = "com.apple.product-type.framework";
		};
		B41D59D121D342E20009A216 /* BlockusTests */ = {
			isa = PBXNativeTarget;
			buildConfigurationList = B41D59E021D342E20009A216 /* Build configuration list for PBXNativeTarget "BlockusTests" */;
			buildPhases = (
				B41D59CE21D342E20009A216 /* Sources */,
				B41D59CF21D342E20009A216 /* Frameworks */,
				B41D59D021D342E20009A216 /* Resources */,
			);
			buildRules = (
			);
			dependencies = (
				B41D59D521D342E20009A216 /* PBXTargetDependency */,
			);
			name = BlockusTests;
			productName = BlockusTests;
			productReference = B41D59D221D342E20009A216 /* BlockusTests.xctest */;
			productType = "com.apple.product-type.bundle.unit-test";
		};
/* End PBXNativeTarget section */

/* Begin PBXProject section */
		B41D59C021D342E20009A216 /* Project object */ = {
			isa = PBXProject;
			attributes = {
				LastSwiftUpdateCheck = 1010;
				LastUpgradeCheck = 1010;
				ORGANIZATIONNAME = "Chris Martin";
				TargetAttributes = {
					B41D59C821D342E20009A216 = {
						CreatedOnToolsVersion = 10.1;
						LastSwiftMigration = 1010;
					};
					B41D59D121D342E20009A216 = {
						CreatedOnToolsVersion = 10.1;
						LastSwiftMigration = 1010;
					};
				};
			};
			buildConfigurationList = B41D59C321D342E20009A216 /* Build configuration list for PBXProject "Blockus" */;
			compatibilityVersion = "Xcode 9.3";
			developmentRegion = en;
			hasScannedForEncodings = 0;
			knownRegions = (
				en,
			);
			mainGroup = B41D59BF21D342E20009A216;
			productRefGroup = B41D59CA21D342E20009A216 /* Products */;
			projectDirPath = "";
			projectRoot = "";
			targets = (
				B41D59C821D342E20009A216 /* Blockus */,
				B41D59D121D342E20009A216 /* BlockusTests */,
			);
		};
/* End PBXProject section */

/* Begin PBXResourcesBuildPhase section */
		B41D59C721D342E20009A216 /* Resources */ = {
			isa = PBXResourcesBuildPhase;
			buildActionMask = 2147483647;
			files = (
			);
			runOnlyForDeploymentPostprocessing = 0;
		};
		B41D59D021D342E20009A216 /* Resources */ = {
			isa = PBXResourcesBuildPhase;
			buildActionMask = 2147483647;
			files = (
			);
			runOnlyForDeploymentPostprocessing = 0;
		};
/* End PBXResourcesBuildPhase section */

/* Begin PBXSourcesBuildPhase section */
		B41D59C521D342E20009A216 /* Sources */ = {
			isa = PBXSourcesBuildPhase;
			buildActionMask = 2147483647;
			files = (
				B4B2731621D6721C0094EB09 /* Configurable.swift in Sources */,
				B4B2731421D66AFA0094EB09 /* Set+Convenience.swift in Sources */,
				B41D59EC21D345B30009A216 /* UIColor+Color.swift in Sources */,
				B41D59F821D346700009A216 /* Size.swift in Sources */,
				B41D59FE21D347080009A216 /* Piece.swift in Sources */,
				B41D59FA21D3469F0009A216 /* Axis.swift in Sources */,
				B41D59E521D3432F0009A216 /* Settable.swift in Sources */,
				B41D59EA21D345A10009A216 /* Color.swift in Sources */,
				B41D59F521D346410009A216 /* Int+Convenience.swift in Sources */,
				B41D59F021D345E60009A216 /* Tile.swift in Sources */,
				B4BBF83521D5CC8D008643B2 /* PieceConfiguration.swift in Sources */,
				B41D59F221D345FF0009A216 /* Coordinate.swift in Sources */,
				B41D59FC21D346B90009A216 /* Board.swift in Sources */,
				B4BBF83721D5D1AD008643B2 /* Direction.swift in Sources */,
				B4BBF83921D5D1C6008643B2 /* DegreeAmount.swift in Sources */,
			);
			runOnlyForDeploymentPostprocessing = 0;
		};
		B41D59CE21D342E20009A216 /* Sources */ = {
			isa = PBXSourcesBuildPhase;
			buildActionMask = 2147483647;
			files = (
				B403FBB021D7D97E004C352B /* SetConvenienceTests.swift in Sources */,
				B403FBAB21D7D0DD004C352B /* ConfigurableTests.swift in Sources */,
				B403FBB621D7F35F004C352B /* SizeTests.swift in Sources */,
				B403FBAE21D7D849004C352B /* IntConvenienceTests.swift in Sources */,
				B403FBB321D7DC83004C352B /* CoordinateTests.swift in Sources */,
				B403FBA921D7C823004C352B /* SettableTests.swift in Sources */,
			);
			runOnlyForDeploymentPostprocessing = 0;
		};
/* End PBXSourcesBuildPhase section */

/* Begin PBXTargetDependency section */
		B41D59D521D342E20009A216 /* PBXTargetDependency */ = {
			isa = PBXTargetDependency;
			target = B41D59C821D342E20009A216 /* Blockus */;
			targetProxy = B41D59D421D342E20009A216 /* PBXContainerItemProxy */;
		};
/* End PBXTargetDependency section */

/* Begin XCBuildConfiguration section */
		B41D59DB21D342E20009A216 /* Debug */ = {
			isa = XCBuildConfiguration;
			buildSettings = {
				ALWAYS_SEARCH_USER_PATHS = NO;
				CLANG_ANALYZER_NONNULL = YES;
				CLANG_ANALYZER_NUMBER_OBJECT_CONVERSION = YES_AGGRESSIVE;
				CLANG_CXX_LANGUAGE_STANDARD = "gnu++14";
				CLANG_CXX_LIBRARY = "libc++";
				CLANG_ENABLE_MODULES = YES;
				CLANG_ENABLE_OBJC_ARC = YES;
				CLANG_ENABLE_OBJC_WEAK = YES;
				CLANG_WARN_BLOCK_CAPTURE_AUTORELEASING = YES;
				CLANG_WARN_BOOL_CONVERSION = YES;
				CLANG_WARN_COMMA = YES;
				CLANG_WARN_CONSTANT_CONVERSION = YES;
				CLANG_WARN_DEPRECATED_OBJC_IMPLEMENTATIONS = YES;
				CLANG_WARN_DIRECT_OBJC_ISA_USAGE = YES_ERROR;
				CLANG_WARN_DOCUMENTATION_COMMENTS = YES;
				CLANG_WARN_EMPTY_BODY = YES;
				CLANG_WARN_ENUM_CONVERSION = YES;
				CLANG_WARN_INFINITE_RECURSION = YES;
				CLANG_WARN_INT_CONVERSION = YES;
				CLANG_WARN_NON_LITERAL_NULL_CONVERSION = YES;
				CLANG_WARN_OBJC_IMPLICIT_RETAIN_SELF = YES;
				CLANG_WARN_OBJC_LITERAL_CONVERSION = YES;
				CLANG_WARN_OBJC_ROOT_CLASS = YES_ERROR;
				CLANG_WARN_RANGE_LOOP_ANALYSIS = YES;
				CLANG_WARN_STRICT_PROTOTYPES = YES;
				CLANG_WARN_SUSPICIOUS_MOVE = YES;
				CLANG_WARN_UNGUARDED_AVAILABILITY = YES_AGGRESSIVE;
				CLANG_WARN_UNREACHABLE_CODE = YES;
				CLANG_WARN__DUPLICATE_METHOD_MATCH = YES;
				CODE_SIGN_IDENTITY = "iPhone Developer";
				COPY_PHASE_STRIP = NO;
				CURRENT_PROJECT_VERSION = 1;
				DEBUG_INFORMATION_FORMAT = dwarf;
				ENABLE_STRICT_OBJC_MSGSEND = YES;
				ENABLE_TESTABILITY = YES;
				GCC_C_LANGUAGE_STANDARD = gnu11;
				GCC_DYNAMIC_NO_PIC = NO;
				GCC_NO_COMMON_BLOCKS = YES;
				GCC_OPTIMIZATION_LEVEL = 0;
				GCC_PREPROCESSOR_DEFINITIONS = (
					"DEBUG=1",
					"$(inherited)",
				);
				GCC_WARN_64_TO_32_BIT_CONVERSION = YES;
				GCC_WARN_ABOUT_RETURN_TYPE = YES_ERROR;
				GCC_WARN_UNDECLARED_SELECTOR = YES;
				GCC_WARN_UNINITIALIZED_AUTOS = YES_AGGRESSIVE;
				GCC_WARN_UNUSED_FUNCTION = YES;
				GCC_WARN_UNUSED_VARIABLE = YES;
				IPHONEOS_DEPLOYMENT_TARGET = 12.1;
				MTL_ENABLE_DEBUG_INFO = INCLUDE_SOURCE;
				MTL_FAST_MATH = YES;
				ONLY_ACTIVE_ARCH = YES;
				SDKROOT = iphoneos;
				SWIFT_ACTIVE_COMPILATION_CONDITIONS = DEBUG;
				SWIFT_OPTIMIZATION_LEVEL = "-Onone";
				VERSIONING_SYSTEM = "apple-generic";
				VERSION_INFO_PREFIX = "";
			};
			name = Debug;
		};
		B41D59DC21D342E20009A216 /* Release */ = {
			isa = XCBuildConfiguration;
			buildSettings = {
				ALWAYS_SEARCH_USER_PATHS = NO;
				CLANG_ANALYZER_NONNULL = YES;
				CLANG_ANALYZER_NUMBER_OBJECT_CONVERSION = YES_AGGRESSIVE;
				CLANG_CXX_LANGUAGE_STANDARD = "gnu++14";
				CLANG_CXX_LIBRARY = "libc++";
				CLANG_ENABLE_MODULES = YES;
				CLANG_ENABLE_OBJC_ARC = YES;
				CLANG_ENABLE_OBJC_WEAK = YES;
				CLANG_WARN_BLOCK_CAPTURE_AUTORELEASING = YES;
				CLANG_WARN_BOOL_CONVERSION = YES;
				CLANG_WARN_COMMA = YES;
				CLANG_WARN_CONSTANT_CONVERSION = YES;
				CLANG_WARN_DEPRECATED_OBJC_IMPLEMENTATIONS = YES;
				CLANG_WARN_DIRECT_OBJC_ISA_USAGE = YES_ERROR;
				CLANG_WARN_DOCUMENTATION_COMMENTS = YES;
				CLANG_WARN_EMPTY_BODY = YES;
				CLANG_WARN_ENUM_CONVERSION = YES;
				CLANG_WARN_INFINITE_RECURSION = YES;
				CLANG_WARN_INT_CONVERSION = YES;
				CLANG_WARN_NON_LITERAL_NULL_CONVERSION = YES;
				CLANG_WARN_OBJC_IMPLICIT_RETAIN_SELF = YES;
				CLANG_WARN_OBJC_LITERAL_CONVERSION = YES;
				CLANG_WARN_OBJC_ROOT_CLASS = YES_ERROR;
				CLANG_WARN_RANGE_LOOP_ANALYSIS = YES;
				CLANG_WARN_STRICT_PROTOTYPES = YES;
				CLANG_WARN_SUSPICIOUS_MOVE = YES;
				CLANG_WARN_UNGUARDED_AVAILABILITY = YES_AGGRESSIVE;
				CLANG_WARN_UNREACHABLE_CODE = YES;
				CLANG_WARN__DUPLICATE_METHOD_MATCH = YES;
				CODE_SIGN_IDENTITY = "iPhone Developer";
				COPY_PHASE_STRIP = NO;
				CURRENT_PROJECT_VERSION = 1;
				DEBUG_INFORMATION_FORMAT = "dwarf-with-dsym";
				ENABLE_NS_ASSERTIONS = NO;
				ENABLE_STRICT_OBJC_MSGSEND = YES;
				GCC_C_LANGUAGE_STANDARD = gnu11;
				GCC_NO_COMMON_BLOCKS = YES;
				GCC_WARN_64_TO_32_BIT_CONVERSION = YES;
				GCC_WARN_ABOUT_RETURN_TYPE = YES_ERROR;
				GCC_WARN_UNDECLARED_SELECTOR = YES;
				GCC_WARN_UNINITIALIZED_AUTOS = YES_AGGRESSIVE;
				GCC_WARN_UNUSED_FUNCTION = YES;
				GCC_WARN_UNUSED_VARIABLE = YES;
				IPHONEOS_DEPLOYMENT_TARGET = 12.1;
				MTL_ENABLE_DEBUG_INFO = NO;
				MTL_FAST_MATH = YES;
				SDKROOT = iphoneos;
				SWIFT_COMPILATION_MODE = wholemodule;
				SWIFT_OPTIMIZATION_LEVEL = "-O";
				VALIDATE_PRODUCT = YES;
				VERSIONING_SYSTEM = "apple-generic";
				VERSION_INFO_PREFIX = "";
			};
			name = Release;
		};
		B41D59DE21D342E20009A216 /* Debug */ = {
			isa = XCBuildConfiguration;
			buildSettings = {
				CLANG_ENABLE_MODULES = YES;
				CODE_SIGN_IDENTITY = "";
				CODE_SIGN_STYLE = Automatic;
				DEFINES_MODULE = YES;
				DEVELOPMENT_TEAM = 4TD75KA4GE;
				DYLIB_COMPATIBILITY_VERSION = 1;
				DYLIB_CURRENT_VERSION = 1;
				DYLIB_INSTALL_NAME_BASE = "@rpath";
				INFOPLIST_FILE = "$(SRCROOT)/Blockus/Resources/Info.plist";
				INSTALL_PATH = "$(LOCAL_LIBRARY_DIR)/Frameworks";
				LD_RUNPATH_SEARCH_PATHS = (
					"$(inherited)",
					"@executable_path/Frameworks",
					"@loader_path/Frameworks",
				);
				PRODUCT_BUNDLE_IDENTIFIER = com.schrismartin.Blockus;
				PRODUCT_NAME = "$(TARGET_NAME:c99extidentifier)";
				SKIP_INSTALL = YES;
				SWIFT_OPTIMIZATION_LEVEL = "-Onone";
				SWIFT_VERSION = 4.2;
				TARGETED_DEVICE_FAMILY = "1,2";
			};
			name = Debug;
		};
		B41D59DF21D342E20009A216 /* Release */ = {
			isa = XCBuildConfiguration;
			buildSettings = {
				CLANG_ENABLE_MODULES = YES;
				CODE_SIGN_IDENTITY = "";
				CODE_SIGN_STYLE = Automatic;
				DEFINES_MODULE = YES;
				DEVELOPMENT_TEAM = 4TD75KA4GE;
				DYLIB_COMPATIBILITY_VERSION = 1;
				DYLIB_CURRENT_VERSION = 1;
				DYLIB_INSTALL_NAME_BASE = "@rpath";
				INFOPLIST_FILE = "$(SRCROOT)/Blockus/Resources/Info.plist";
				INSTALL_PATH = "$(LOCAL_LIBRARY_DIR)/Frameworks";
				LD_RUNPATH_SEARCH_PATHS = (
					"$(inherited)",
					"@executable_path/Frameworks",
					"@loader_path/Frameworks",
				);
				PRODUCT_BUNDLE_IDENTIFIER = com.schrismartin.Blockus;
				PRODUCT_NAME = "$(TARGET_NAME:c99extidentifier)";
				SKIP_INSTALL = YES;
				SWIFT_VERSION = 4.2;
				TARGETED_DEVICE_FAMILY = "1,2";
			};
			name = Release;
		};
		B41D59E121D342E20009A216 /* Debug */ = {
			isa = XCBuildConfiguration;
			buildSettings = {
				ALWAYS_EMBED_SWIFT_STANDARD_LIBRARIES = YES;
				CLANG_ENABLE_MODULES = YES;
				CODE_SIGN_STYLE = Automatic;
				DEVELOPMENT_TEAM = 4TD75KA4GE;
				INFOPLIST_FILE = BlockusTests/Info.plist;
				LD_RUNPATH_SEARCH_PATHS = (
					"$(inherited)",
					"@executable_path/Frameworks",
					"@loader_path/Frameworks",
				);
				PRODUCT_BUNDLE_IDENTIFIER = com.schrismartin.BlockusTests;
				PRODUCT_NAME = "$(TARGET_NAME)";
				SWIFT_OBJC_BRIDGING_HEADER = "BlockusTests/BlockusTests-Bridging-Header.h";
				SWIFT_OPTIMIZATION_LEVEL = "-Onone";
				SWIFT_VERSION = 4.2;
				TARGETED_DEVICE_FAMILY = "1,2";
			};
			name = Debug;
		};
		B41D59E221D342E20009A216 /* Release */ = {
			isa = XCBuildConfiguration;
			buildSettings = {
				ALWAYS_EMBED_SWIFT_STANDARD_LIBRARIES = YES;
				CLANG_ENABLE_MODULES = YES;
				CODE_SIGN_STYLE = Automatic;
				DEVELOPMENT_TEAM = 4TD75KA4GE;
				INFOPLIST_FILE = BlockusTests/Info.plist;
				LD_RUNPATH_SEARCH_PATHS = (
					"$(inherited)",
					"@executable_path/Frameworks",
					"@loader_path/Frameworks",
				);
				PRODUCT_BUNDLE_IDENTIFIER = com.schrismartin.BlockusTests;
				PRODUCT_NAME = "$(TARGET_NAME)";
				SWIFT_OBJC_BRIDGING_HEADER = "BlockusTests/BlockusTests-Bridging-Header.h";
				SWIFT_VERSION = 4.2;
				TARGETED_DEVICE_FAMILY = "1,2";
			};
			name = Release;
		};
/* End XCBuildConfiguration section */

/* Begin XCConfigurationList section */
		B41D59C321D342E20009A216 /* Build configuration list for PBXProject "Blockus" */ = {
			isa = XCConfigurationList;
			buildConfigurations = (
				B41D59DB21D342E20009A216 /* Debug */,
				B41D59DC21D342E20009A216 /* Release */,
			);
			defaultConfigurationIsVisible = 0;
			defaultConfigurationName = Release;
		};
		B41D59DD21D342E20009A216 /* Build configuration list for PBXNativeTarget "Blockus" */ = {
			isa = XCConfigurationList;
			buildConfigurations = (
				B41D59DE21D342E20009A216 /* Debug */,
				B41D59DF21D342E20009A216 /* Release */,
			);
			defaultConfigurationIsVisible = 0;
			defaultConfigurationName = Release;
		};
		B41D59E021D342E20009A216 /* Build configuration list for PBXNativeTarget "BlockusTests" */ = {
			isa = XCConfigurationList;
			buildConfigurations = (
				B41D59E121D342E20009A216 /* Debug */,
				B41D59E221D342E20009A216 /* Release */,
			);
			defaultConfigurationIsVisible = 0;
			defaultConfigurationName = Release;
		};
/* End XCConfigurationList section */
	};
	rootObject = B41D59C021D342E20009A216 /* Project object */;
}
