// !$*UTF8*$!
{
	archiveVersion = 1;
	classes = {
	};
	objectVersion = 46;
	objects = {

/* Begin PBXAggregateTarget section */
		"Blockus::BlockusPackageTests::ProductTarget" /* BlockusPackageTests */ = {
			isa = PBXAggregateTarget;
			buildConfigurationList = OBJ_88 /* Build configuration list for PBXAggregateTarget "BlockusPackageTests" */;
			buildPhases = (
			);
			dependencies = (
				OBJ_91 /* PBXTargetDependency */,
			);
			name = BlockusPackageTests;
			productName = BlockusPackageTests;
		};
/* End PBXAggregateTarget section */

/* Begin PBXBuildFile section */
		B400AA7021F3079600EE99C9 /* Transformable.swift in Sources */ = {isa = PBXBuildFile; fileRef = B400AA6F21F3079600EE99C9 /* Transformable.swift */; };
		B400AA7221F307FC00EE99C9 /* Game.swift in Sources */ = {isa = PBXBuildFile; fileRef = B400AA7121F307FC00EE99C9 /* Game.swift */; };
		B47EEBC721D8874300E9DF8A /* Transform.swift in Sources */ = {isa = PBXBuildFile; fileRef = B47EEBC621D8874300E9DF8A /* Transform.swift */; };
		B47EEBC921D8875600E9DF8A /* TransformCollection.swift in Sources */ = {isa = PBXBuildFile; fileRef = B47EEBC821D8875600E9DF8A /* TransformCollection.swift */; };
		B47EEBCB21D8876A00E9DF8A /* PlacedPiece.swift in Sources */ = {isa = PBXBuildFile; fileRef = B47EEBCA21D8876A00E9DF8A /* PlacedPiece.swift */; };
		OBJ_100 /* PieceConfigurationTests.swift in Sources */ = {isa = PBXBuildFile; fileRef = OBJ_41 /* PieceConfigurationTests.swift */; };
		OBJ_101 /* PieceTests.swift in Sources */ = {isa = PBXBuildFile; fileRef = OBJ_42 /* PieceTests.swift */; };
		OBJ_102 /* SizeTests.swift in Sources */ = {isa = PBXBuildFile; fileRef = OBJ_43 /* SizeTests.swift */; };
		OBJ_104 /* ConfigurableTests.swift in Sources */ = {isa = PBXBuildFile; fileRef = OBJ_46 /* ConfigurableTests.swift */; };
		OBJ_105 /* IntConvenienceTests.swift in Sources */ = {isa = PBXBuildFile; fileRef = OBJ_48 /* IntConvenienceTests.swift */; };
		OBJ_106 /* SetConvenienceTests.swift in Sources */ = {isa = PBXBuildFile; fileRef = OBJ_49 /* SetConvenienceTests.swift */; };
		OBJ_107 /* SettableTests.swift in Sources */ = {isa = PBXBuildFile; fileRef = OBJ_50 /* SettableTests.swift */; };
		OBJ_110 /* Blockus.framework in Frameworks */ = {isa = PBXBuildFile; fileRef = "Blockus::Blockus::Product" /* Blockus.framework */; };
		OBJ_60 /* Board.swift in Sources */ = {isa = PBXBuildFile; fileRef = OBJ_10 /* Board.swift */; };
		OBJ_61 /* Axis.swift in Sources */ = {isa = PBXBuildFile; fileRef = OBJ_12 /* Axis.swift */; };
		OBJ_62 /* Color.swift in Sources */ = {isa = PBXBuildFile; fileRef = OBJ_13 /* Color.swift */; };
		OBJ_63 /* Coordinate+CollectionTransforms.swift in Sources */ = {isa = PBXBuildFile; fileRef = OBJ_15 /* Coordinate+CollectionTransforms.swift */; };
		OBJ_64 /* Coordinate+Transforms.swift in Sources */ = {isa = PBXBuildFile; fileRef = OBJ_16 /* Coordinate+Transforms.swift */; };
		OBJ_65 /* Coordinate.swift in Sources */ = {isa = PBXBuildFile; fileRef = OBJ_17 /* Coordinate.swift */; };
		OBJ_66 /* CoordinateContainer.swift in Sources */ = {isa = PBXBuildFile; fileRef = OBJ_18 /* CoordinateContainer.swift */; };
		OBJ_67 /* Direction.swift in Sources */ = {isa = PBXBuildFile; fileRef = OBJ_19 /* Direction.swift */; };
		OBJ_69 /* Rotation.swift in Sources */ = {isa = PBXBuildFile; fileRef = OBJ_21 /* Rotation.swift */; };
		OBJ_70 /* Size.swift in Sources */ = {isa = PBXBuildFile; fileRef = OBJ_22 /* Size.swift */; };
		OBJ_71 /* Piece.swift in Sources */ = {isa = PBXBuildFile; fileRef = OBJ_24 /* Piece.swift */; };
		OBJ_72 /* PieceConfiguration.swift in Sources */ = {isa = PBXBuildFile; fileRef = OBJ_25 /* PieceConfiguration.swift */; };
		OBJ_73 /* Configurable.swift in Sources */ = {isa = PBXBuildFile; fileRef = OBJ_27 /* Configurable.swift */; };
		OBJ_74 /* Array+Convenience.swift in Sources */ = {isa = PBXBuildFile; fileRef = OBJ_29 /* Array+Convenience.swift */; };
		OBJ_75 /* Dictionary+Convenience.swift in Sources */ = {isa = PBXBuildFile; fileRef = OBJ_30 /* Dictionary+Convenience.swift */; };
		OBJ_76 /* Int+Convenience.swift in Sources */ = {isa = PBXBuildFile; fileRef = OBJ_31 /* Int+Convenience.swift */; };
		OBJ_77 /* Sequence+Convenience.swift in Sources */ = {isa = PBXBuildFile; fileRef = OBJ_32 /* Sequence+Convenience.swift */; };
		OBJ_78 /* Set+Convenience.swift in Sources */ = {isa = PBXBuildFile; fileRef = OBJ_33 /* Set+Convenience.swift */; };
		OBJ_79 /* Settable.swift in Sources */ = {isa = PBXBuildFile; fileRef = OBJ_34 /* Settable.swift */; };
		OBJ_86 /* Package.swift in Sources */ = {isa = PBXBuildFile; fileRef = OBJ_6 /* Package.swift */; };
		OBJ_97 /* CoordinateTests.swift in Sources */ = {isa = PBXBuildFile; fileRef = OBJ_38 /* CoordinateTests.swift */; };
		OBJ_98 /* CoordinatesTests.swift in Sources */ = {isa = PBXBuildFile; fileRef = OBJ_39 /* CoordinatesTests.swift */; };
		OBJ_99 /* DegreeAmountTests.swift in Sources */ = {isa = PBXBuildFile; fileRef = OBJ_40 /* DegreeAmountTests.swift */; };
/* End PBXBuildFile section */

/* Begin PBXContainerItemProxy section */
		B4A5C74D21D879790026D911 /* PBXContainerItemProxy */ = {
			isa = PBXContainerItemProxy;
			containerPortal = OBJ_1 /* Project object */;
			proxyType = 1;
			remoteGlobalIDString = "Blockus::Blockus";
			remoteInfo = Blockus;
		};
		B4A5C74E21D8797B0026D911 /* PBXContainerItemProxy */ = {
			isa = PBXContainerItemProxy;
			containerPortal = OBJ_1 /* Project object */;
			proxyType = 1;
			remoteGlobalIDString = "Blockus::BlockusTests";
			remoteInfo = BlockusTests;
		};
/* End PBXContainerItemProxy section */

/* Begin PBXFileReference section */
		B400AA6F21F3079600EE99C9 /* Transformable.swift */ = {isa = PBXFileReference; fileEncoding = 4; lastKnownFileType = sourcecode.swift; path = Transformable.swift; sourceTree = "<group>"; };
		B400AA7121F307FC00EE99C9 /* Game.swift */ = {isa = PBXFileReference; fileEncoding = 4; lastKnownFileType = sourcecode.swift; path = Game.swift; sourceTree = "<group>"; };
		B47EEBC621D8874300E9DF8A /* Transform.swift */ = {isa = PBXFileReference; lastKnownFileType = sourcecode.swift; path = Transform.swift; sourceTree = "<group>"; };
		B47EEBC821D8875600E9DF8A /* TransformCollection.swift */ = {isa = PBXFileReference; lastKnownFileType = sourcecode.swift; path = TransformCollection.swift; sourceTree = "<group>"; };
		B47EEBCA21D8876A00E9DF8A /* PlacedPiece.swift */ = {isa = PBXFileReference; lastKnownFileType = sourcecode.swift; path = PlacedPiece.swift; sourceTree = "<group>"; };
		"Blockus::Blockus::Product" /* Blockus.framework */ = {isa = PBXFileReference; lastKnownFileType = wrapper.framework; path = Blockus.framework; sourceTree = BUILT_PRODUCTS_DIR; };
		"Blockus::BlockusTests::Product" /* BlockusTests.xctest */ = {isa = PBXFileReference; lastKnownFileType = file; path = BlockusTests.xctest; sourceTree = BUILT_PRODUCTS_DIR; };
		OBJ_10 /* Board.swift */ = {isa = PBXFileReference; lastKnownFileType = sourcecode.swift; path = Board.swift; sourceTree = "<group>"; };
		OBJ_12 /* Axis.swift */ = {isa = PBXFileReference; lastKnownFileType = sourcecode.swift; path = Axis.swift; sourceTree = "<group>"; };
		OBJ_13 /* Color.swift */ = {isa = PBXFileReference; lastKnownFileType = sourcecode.swift; path = Color.swift; sourceTree = "<group>"; };
		OBJ_15 /* Coordinate+CollectionTransforms.swift */ = {isa = PBXFileReference; lastKnownFileType = sourcecode.swift; path = "Coordinate+CollectionTransforms.swift"; sourceTree = "<group>"; };
		OBJ_16 /* Coordinate+Transforms.swift */ = {isa = PBXFileReference; lastKnownFileType = sourcecode.swift; path = "Coordinate+Transforms.swift"; sourceTree = "<group>"; };
		OBJ_17 /* Coordinate.swift */ = {isa = PBXFileReference; lastKnownFileType = sourcecode.swift; path = Coordinate.swift; sourceTree = "<group>"; };
		OBJ_18 /* CoordinateContainer.swift */ = {isa = PBXFileReference; lastKnownFileType = sourcecode.swift; path = CoordinateContainer.swift; sourceTree = "<group>"; };
		OBJ_19 /* Direction.swift */ = {isa = PBXFileReference; lastKnownFileType = sourcecode.swift; path = Direction.swift; sourceTree = "<group>"; };
		OBJ_21 /* Rotation.swift */ = {isa = PBXFileReference; lastKnownFileType = sourcecode.swift; path = Rotation.swift; sourceTree = "<group>"; };
		OBJ_22 /* Size.swift */ = {isa = PBXFileReference; lastKnownFileType = sourcecode.swift; path = Size.swift; sourceTree = "<group>"; };
		OBJ_24 /* Piece.swift */ = {isa = PBXFileReference; lastKnownFileType = sourcecode.swift; path = Piece.swift; sourceTree = "<group>"; };
		OBJ_25 /* PieceConfiguration.swift */ = {isa = PBXFileReference; lastKnownFileType = sourcecode.swift; path = PieceConfiguration.swift; sourceTree = "<group>"; };
		OBJ_27 /* Configurable.swift */ = {isa = PBXFileReference; lastKnownFileType = sourcecode.swift; path = Configurable.swift; sourceTree = "<group>"; };
		OBJ_29 /* Array+Convenience.swift */ = {isa = PBXFileReference; lastKnownFileType = sourcecode.swift; path = "Array+Convenience.swift"; sourceTree = "<group>"; };
		OBJ_30 /* Dictionary+Convenience.swift */ = {isa = PBXFileReference; lastKnownFileType = sourcecode.swift; path = "Dictionary+Convenience.swift"; sourceTree = "<group>"; };
		OBJ_31 /* Int+Convenience.swift */ = {isa = PBXFileReference; lastKnownFileType = sourcecode.swift; path = "Int+Convenience.swift"; sourceTree = "<group>"; };
		OBJ_32 /* Sequence+Convenience.swift */ = {isa = PBXFileReference; lastKnownFileType = sourcecode.swift; path = "Sequence+Convenience.swift"; sourceTree = "<group>"; };
		OBJ_33 /* Set+Convenience.swift */ = {isa = PBXFileReference; lastKnownFileType = sourcecode.swift; path = "Set+Convenience.swift"; sourceTree = "<group>"; };
		OBJ_34 /* Settable.swift */ = {isa = PBXFileReference; lastKnownFileType = sourcecode.swift; path = Settable.swift; sourceTree = "<group>"; };
		OBJ_38 /* CoordinateTests.swift */ = {isa = PBXFileReference; lastKnownFileType = sourcecode.swift; path = CoordinateTests.swift; sourceTree = "<group>"; };
		OBJ_39 /* CoordinatesTests.swift */ = {isa = PBXFileReference; lastKnownFileType = sourcecode.swift; path = CoordinatesTests.swift; sourceTree = "<group>"; };
		OBJ_40 /* DegreeAmountTests.swift */ = {isa = PBXFileReference; lastKnownFileType = sourcecode.swift; path = DegreeAmountTests.swift; sourceTree = "<group>"; };
		OBJ_41 /* PieceConfigurationTests.swift */ = {isa = PBXFileReference; lastKnownFileType = sourcecode.swift; path = PieceConfigurationTests.swift; sourceTree = "<group>"; };
		OBJ_42 /* PieceTests.swift */ = {isa = PBXFileReference; lastKnownFileType = sourcecode.swift; path = PieceTests.swift; sourceTree = "<group>"; };
		OBJ_43 /* SizeTests.swift */ = {isa = PBXFileReference; lastKnownFileType = sourcecode.swift; path = SizeTests.swift; sourceTree = "<group>"; };
		OBJ_46 /* ConfigurableTests.swift */ = {isa = PBXFileReference; lastKnownFileType = sourcecode.swift; path = ConfigurableTests.swift; sourceTree = "<group>"; };
		OBJ_48 /* IntConvenienceTests.swift */ = {isa = PBXFileReference; lastKnownFileType = sourcecode.swift; path = IntConvenienceTests.swift; sourceTree = "<group>"; };
		OBJ_49 /* SetConvenienceTests.swift */ = {isa = PBXFileReference; lastKnownFileType = sourcecode.swift; path = SetConvenienceTests.swift; sourceTree = "<group>"; };
		OBJ_50 /* SettableTests.swift */ = {isa = PBXFileReference; lastKnownFileType = sourcecode.swift; path = SettableTests.swift; sourceTree = "<group>"; };
		OBJ_51 /* XCTestManifests.swift */ = {isa = PBXFileReference; lastKnownFileType = sourcecode.swift; path = XCTestManifests.swift; sourceTree = "<group>"; };
		OBJ_6 /* Package.swift */ = {isa = PBXFileReference; explicitFileType = sourcecode.swift; path = Package.swift; sourceTree = "<group>"; };
/* End PBXFileReference section */

/* Begin PBXFrameworksBuildPhase section */
		OBJ_109 /* Frameworks */ = {
			isa = PBXFrameworksBuildPhase;
			buildActionMask = 0;
			files = (
				OBJ_110 /* Blockus.framework in Frameworks */,
			);
			runOnlyForDeploymentPostprocessing = 0;
		};
		OBJ_80 /* Frameworks */ = {
			isa = PBXFrameworksBuildPhase;
			buildActionMask = 0;
			files = (
			);
			runOnlyForDeploymentPostprocessing = 0;
		};
/* End PBXFrameworksBuildPhase section */

/* Begin PBXGroup section */
		B47EEBCC21D8878700E9DF8A /* Transform */ = {
			isa = PBXGroup;
			children = (
				B400AA6F21F3079600EE99C9 /* Transformable.swift */,
				B47EEBC621D8874300E9DF8A /* Transform.swift */,
				B47EEBC821D8875600E9DF8A /* TransformCollection.swift */,
			);
			path = Transform;
			sourceTree = "<group>";
		};
		OBJ_11 /* Helper */ = {
			isa = PBXGroup;
			children = (
				OBJ_12 /* Axis.swift */,
				OBJ_13 /* Color.swift */,
				OBJ_19 /* Direction.swift */,
				OBJ_21 /* Rotation.swift */,
				OBJ_22 /* Size.swift */,
			);
			path = Helper;
			sourceTree = "<group>";
		};
		OBJ_14 /* Coordinate */ = {
			isa = PBXGroup;
			children = (
				OBJ_15 /* Coordinate+CollectionTransforms.swift */,
				OBJ_16 /* Coordinate+Transforms.swift */,
				OBJ_17 /* Coordinate.swift */,
				OBJ_18 /* CoordinateContainer.swift */,
			);
			path = Coordinate;
			sourceTree = "<group>";
		};
		OBJ_23 /* Piece */ = {
			isa = PBXGroup;
			children = (
				OBJ_24 /* Piece.swift */,
				OBJ_25 /* PieceConfiguration.swift */,
				B47EEBCA21D8876A00E9DF8A /* PlacedPiece.swift */,
			);
			path = Piece;
			sourceTree = "<group>";
		};
		OBJ_26 /* Utilities */ = {
			isa = PBXGroup;
			children = (
				OBJ_27 /* Configurable.swift */,
				OBJ_28 /* Extensions */,
				OBJ_34 /* Settable.swift */,
			);
			path = Utilities;
			sourceTree = "<group>";
		};
		OBJ_28 /* Extensions */ = {
			isa = PBXGroup;
			children = (
				OBJ_29 /* Array+Convenience.swift */,
				OBJ_30 /* Dictionary+Convenience.swift */,
				OBJ_31 /* Int+Convenience.swift */,
				OBJ_32 /* Sequence+Convenience.swift */,
				OBJ_33 /* Set+Convenience.swift */,
			);
			path = Extensions;
			sourceTree = "<group>";
		};
		OBJ_35 /* Tests */ = {
			isa = PBXGroup;
			children = (
				OBJ_36 /* BlockusTests */,
			);
			name = Tests;
			sourceTree = SOURCE_ROOT;
		};
		OBJ_36 /* BlockusTests */ = {
			isa = PBXGroup;
			children = (
				OBJ_37 /* Model */,
				OBJ_45 /* Utilities */,
				OBJ_51 /* XCTestManifests.swift */,
			);
			name = BlockusTests;
			path = Tests/BlockusTests;
			sourceTree = SOURCE_ROOT;
		};
		OBJ_37 /* Model */ = {
			isa = PBXGroup;
			children = (
				OBJ_38 /* CoordinateTests.swift */,
				OBJ_39 /* CoordinatesTests.swift */,
				OBJ_40 /* DegreeAmountTests.swift */,
				OBJ_41 /* PieceConfigurationTests.swift */,
				OBJ_42 /* PieceTests.swift */,
				OBJ_43 /* SizeTests.swift */,
			);
			path = Model;
			sourceTree = "<group>";
		};
		OBJ_45 /* Utilities */ = {
			isa = PBXGroup;
			children = (
				OBJ_46 /* ConfigurableTests.swift */,
				OBJ_47 /* Extensions */,
				OBJ_50 /* SettableTests.swift */,
			);
			path = Utilities;
			sourceTree = "<group>";
		};
		OBJ_47 /* Extensions */ = {
			isa = PBXGroup;
			children = (
				OBJ_48 /* IntConvenienceTests.swift */,
				OBJ_49 /* SetConvenienceTests.swift */,
			);
			path = Extensions;
			sourceTree = "<group>";
		};
		OBJ_5 = {
			isa = PBXGroup;
			children = (
				OBJ_6 /* Package.swift */,
				OBJ_7 /* Sources */,
				OBJ_35 /* Tests */,
				OBJ_52 /* Products */,
			);
			sourceTree = "<group>";
		};
		OBJ_52 /* Products */ = {
			isa = PBXGroup;
			children = (
				"Blockus::BlockusTests::Product" /* BlockusTests.xctest */,
				"Blockus::Blockus::Product" /* Blockus.framework */,
			);
			name = Products;
			sourceTree = BUILT_PRODUCTS_DIR;
		};
		OBJ_7 /* Sources */ = {
			isa = PBXGroup;
			children = (
				OBJ_8 /* Blockus */,
			);
			name = Sources;
			sourceTree = SOURCE_ROOT;
		};
		OBJ_8 /* Blockus */ = {
			isa = PBXGroup;
			children = (
				OBJ_9 /* Models */,
				OBJ_26 /* Utilities */,
			);
			name = Blockus;
			path = Sources/Blockus;
			sourceTree = SOURCE_ROOT;
		};
		OBJ_9 /* Models */ = {
			isa = PBXGroup;
			children = (
				B400AA7121F307FC00EE99C9 /* Game.swift */,
				OBJ_10 /* Board.swift */,
				B47EEBCC21D8878700E9DF8A /* Transform */,
				OBJ_11 /* Helper */,
				OBJ_14 /* Coordinate */,
				OBJ_23 /* Piece */,
			);
			path = Models;
			sourceTree = "<group>";
		};
/* End PBXGroup section */

/* Begin PBXNativeTarget section */
		"Blockus::Blockus" /* Blockus */ = {
			isa = PBXNativeTarget;
			buildConfigurationList = OBJ_56 /* Build configuration list for PBXNativeTarget "Blockus" */;
			buildPhases = (
				OBJ_59 /* Sources */,
				OBJ_80 /* Frameworks */,
			);
			buildRules = (
			);
			dependencies = (
			);
			name = Blockus;
			productName = Blockus;
			productReference = "Blockus::Blockus::Product" /* Blockus.framework */;
			productType = "com.apple.product-type.framework";
		};
		"Blockus::BlockusTests" /* BlockusTests */ = {
			isa = PBXNativeTarget;
			buildConfigurationList = OBJ_93 /* Build configuration list for PBXNativeTarget "BlockusTests" */;
			buildPhases = (
				OBJ_96 /* Sources */,
				OBJ_109 /* Frameworks */,
			);
			buildRules = (
			);
			dependencies = (
				OBJ_111 /* PBXTargetDependency */,
			);
			name = BlockusTests;
			productName = BlockusTests;
			productReference = "Blockus::BlockusTests::Product" /* BlockusTests.xctest */;
			productType = "com.apple.product-type.bundle.unit-test";
		};
		"Blockus::SwiftPMPackageDescription" /* BlockusPackageDescription */ = {
			isa = PBXNativeTarget;
			buildConfigurationList = OBJ_82 /* Build configuration list for PBXNativeTarget "BlockusPackageDescription" */;
			buildPhases = (
				OBJ_85 /* Sources */,
			);
			buildRules = (
			);
			dependencies = (
			);
			name = BlockusPackageDescription;
			productName = BlockusPackageDescription;
			productType = "com.apple.product-type.framework";
		};
/* End PBXNativeTarget section */

/* Begin PBXProject section */
		OBJ_1 /* Project object */ = {
			isa = PBXProject;
			attributes = {
				LastUpgradeCheck = 9999;
			};
			buildConfigurationList = OBJ_2 /* Build configuration list for PBXProject "Blockus" */;
			compatibilityVersion = "Xcode 3.2";
			developmentRegion = English;
			hasScannedForEncodings = 0;
			knownRegions = (
				en,
			);
			mainGroup = OBJ_5;
			productRefGroup = OBJ_52 /* Products */;
			projectDirPath = "";
			projectRoot = "";
			targets = (
				"Blockus::Blockus" /* Blockus */,
				"Blockus::SwiftPMPackageDescription" /* BlockusPackageDescription */,
				"Blockus::BlockusPackageTests::ProductTarget" /* BlockusPackageTests */,
				"Blockus::BlockusTests" /* BlockusTests */,
			);
		};
/* End PBXProject section */

/* Begin PBXSourcesBuildPhase section */
		OBJ_59 /* Sources */ = {
			isa = PBXSourcesBuildPhase;
			buildActionMask = 0;
			files = (
				OBJ_60 /* Board.swift in Sources */,
				OBJ_61 /* Axis.swift in Sources */,
				B47EEBC721D8874300E9DF8A /* Transform.swift in Sources */,
				OBJ_62 /* Color.swift in Sources */,
				OBJ_63 /* Coordinate+CollectionTransforms.swift in Sources */,
				OBJ_64 /* Coordinate+Transforms.swift in Sources */,
				OBJ_65 /* Coordinate.swift in Sources */,
				B400AA7221F307FC00EE99C9 /* Game.swift in Sources */,
				OBJ_66 /* CoordinateContainer.swift in Sources */,
				OBJ_67 /* Direction.swift in Sources */,
				B400AA7021F3079600EE99C9 /* Transformable.swift in Sources */,
				B47EEBC921D8875600E9DF8A /* TransformCollection.swift in Sources */,
				OBJ_69 /* Rotation.swift in Sources */,
				OBJ_70 /* Size.swift in Sources */,
				OBJ_71 /* Piece.swift in Sources */,
				OBJ_72 /* PieceConfiguration.swift in Sources */,
				OBJ_73 /* Configurable.swift in Sources */,
				OBJ_74 /* Array+Convenience.swift in Sources */,
				OBJ_75 /* Dictionary+Convenience.swift in Sources */,
				OBJ_76 /* Int+Convenience.swift in Sources */,
				OBJ_77 /* Sequence+Convenience.swift in Sources */,
				B47EEBCB21D8876A00E9DF8A /* PlacedPiece.swift in Sources */,
				OBJ_78 /* Set+Convenience.swift in Sources */,
				OBJ_79 /* Settable.swift in Sources */,
			);
			runOnlyForDeploymentPostprocessing = 0;
		};
		OBJ_85 /* Sources */ = {
			isa = PBXSourcesBuildPhase;
			buildActionMask = 0;
			files = (
				OBJ_86 /* Package.swift in Sources */,
			);
			runOnlyForDeploymentPostprocessing = 0;
		};
		OBJ_96 /* Sources */ = {
			isa = PBXSourcesBuildPhase;
			buildActionMask = 0;
			files = (
				OBJ_97 /* CoordinateTests.swift in Sources */,
				OBJ_98 /* CoordinatesTests.swift in Sources */,
				OBJ_99 /* DegreeAmountTests.swift in Sources */,
				OBJ_100 /* PieceConfigurationTests.swift in Sources */,
				OBJ_101 /* PieceTests.swift in Sources */,
				OBJ_102 /* SizeTests.swift in Sources */,
				OBJ_104 /* ConfigurableTests.swift in Sources */,
				OBJ_105 /* IntConvenienceTests.swift in Sources */,
				OBJ_106 /* SetConvenienceTests.swift in Sources */,
				OBJ_107 /* SettableTests.swift in Sources */,
			);
			runOnlyForDeploymentPostprocessing = 0;
		};
/* End PBXSourcesBuildPhase section */

/* Begin PBXTargetDependency section */
		OBJ_111 /* PBXTargetDependency */ = {
			isa = PBXTargetDependency;
			target = "Blockus::Blockus" /* Blockus */;
			targetProxy = B4A5C74D21D879790026D911 /* PBXContainerItemProxy */;
		};
		OBJ_91 /* PBXTargetDependency */ = {
			isa = PBXTargetDependency;
			target = "Blockus::BlockusTests" /* BlockusTests */;
			targetProxy = B4A5C74E21D8797B0026D911 /* PBXContainerItemProxy */;
		};
/* End PBXTargetDependency section */

/* Begin XCBuildConfiguration section */
		OBJ_3 /* Debug */ = {
			isa = XCBuildConfiguration;
			buildSettings = {
				CLANG_ENABLE_OBJC_ARC = YES;
				COMBINE_HIDPI_IMAGES = YES;
				COPY_PHASE_STRIP = NO;
				DEBUG_INFORMATION_FORMAT = dwarf;
				DYLIB_INSTALL_NAME_BASE = "@rpath";
				ENABLE_NS_ASSERTIONS = YES;
				GCC_OPTIMIZATION_LEVEL = 0;
				GCC_PREPROCESSOR_DEFINITIONS = (
					"DEBUG=1",
					"$(inherited)",
				);
				MACOSX_DEPLOYMENT_TARGET = 10.10;
				ONLY_ACTIVE_ARCH = YES;
				OTHER_SWIFT_FLAGS = "-DXcode";
				PRODUCT_NAME = "$(TARGET_NAME)";
				SDKROOT = macosx;
				SUPPORTED_PLATFORMS = "macosx iphoneos iphonesimulator appletvos appletvsimulator watchos watchsimulator";
				SWIFT_ACTIVE_COMPILATION_CONDITIONS = "SWIFT_PACKAGE DEBUG";
				SWIFT_OPTIMIZATION_LEVEL = "-Onone";
				USE_HEADERMAP = NO;
			};
			name = Debug;
		};
		OBJ_4 /* Release */ = {
			isa = XCBuildConfiguration;
			buildSettings = {
				CLANG_ENABLE_OBJC_ARC = YES;
				COMBINE_HIDPI_IMAGES = YES;
				COPY_PHASE_STRIP = YES;
				DEBUG_INFORMATION_FORMAT = "dwarf-with-dsym";
				DYLIB_INSTALL_NAME_BASE = "@rpath";
				GCC_OPTIMIZATION_LEVEL = s;
				MACOSX_DEPLOYMENT_TARGET = 10.10;
				OTHER_SWIFT_FLAGS = "-DXcode";
				PRODUCT_NAME = "$(TARGET_NAME)";
				SDKROOT = macosx;
				SUPPORTED_PLATFORMS = "macosx iphoneos iphonesimulator appletvos appletvsimulator watchos watchsimulator";
				SWIFT_ACTIVE_COMPILATION_CONDITIONS = SWIFT_PACKAGE;
				SWIFT_OPTIMIZATION_LEVEL = "-Owholemodule";
				USE_HEADERMAP = NO;
			};
			name = Release;
		};
		OBJ_57 /* Debug */ = {
			isa = XCBuildConfiguration;
			buildSettings = {
				ENABLE_TESTABILITY = YES;
				FRAMEWORK_SEARCH_PATHS = (
					"$(inherited)",
					"$(PLATFORM_DIR)/Developer/Library/Frameworks",
				);
				HEADER_SEARCH_PATHS = "$(inherited)";
				INFOPLIST_FILE = Blockus.xcodeproj/Blockus_Info.plist;
				LD_RUNPATH_SEARCH_PATHS = "$(inherited) $(TOOLCHAIN_DIR)/usr/lib/swift/macosx";
				OTHER_CFLAGS = "$(inherited)";
				OTHER_LDFLAGS = "$(inherited)";
				OTHER_SWIFT_FLAGS = "$(inherited)";
				PRODUCT_BUNDLE_IDENTIFIER = Blockus;
				PRODUCT_MODULE_NAME = "$(TARGET_NAME:c99extidentifier)";
				PRODUCT_NAME = "$(TARGET_NAME:c99extidentifier)";
				SKIP_INSTALL = YES;
				SWIFT_ACTIVE_COMPILATION_CONDITIONS = "$(inherited)";
				SWIFT_VERSION = 4.2;
				TARGET_NAME = Blockus;
			};
			name = Debug;
		};
		OBJ_58 /* Release */ = {
			isa = XCBuildConfiguration;
			buildSettings = {
				ENABLE_TESTABILITY = YES;
				FRAMEWORK_SEARCH_PATHS = (
					"$(inherited)",
					"$(PLATFORM_DIR)/Developer/Library/Frameworks",
				);
				HEADER_SEARCH_PATHS = "$(inherited)";
				INFOPLIST_FILE = Blockus.xcodeproj/Blockus_Info.plist;
				LD_RUNPATH_SEARCH_PATHS = "$(inherited) $(TOOLCHAIN_DIR)/usr/lib/swift/macosx";
				OTHER_CFLAGS = "$(inherited)";
				OTHER_LDFLAGS = "$(inherited)";
				OTHER_SWIFT_FLAGS = "$(inherited)";
				PRODUCT_BUNDLE_IDENTIFIER = Blockus;
				PRODUCT_MODULE_NAME = "$(TARGET_NAME:c99extidentifier)";
				PRODUCT_NAME = "$(TARGET_NAME:c99extidentifier)";
				SKIP_INSTALL = YES;
				SWIFT_ACTIVE_COMPILATION_CONDITIONS = "$(inherited)";
				SWIFT_VERSION = 4.2;
				TARGET_NAME = Blockus;
			};
			name = Release;
		};
		OBJ_83 /* Debug */ = {
			isa = XCBuildConfiguration;
			buildSettings = {
				LD = /usr/bin/true;
				OTHER_SWIFT_FLAGS = "-swift-version 4.2 -I $(TOOLCHAIN_DIR)/usr/lib/swift/pm/4_2 -target x86_64-apple-macosx10.10 -sdk /Applications/Xcode.app/Contents/Developer/Platforms/MacOSX.platform/Developer/SDKs/MacOSX10.14.sdk";
				SWIFT_VERSION = 4.2;
			};
			name = Debug;
		};
		OBJ_84 /* Release */ = {
			isa = XCBuildConfiguration;
			buildSettings = {
				LD = /usr/bin/true;
				OTHER_SWIFT_FLAGS = "-swift-version 4.2 -I $(TOOLCHAIN_DIR)/usr/lib/swift/pm/4_2 -target x86_64-apple-macosx10.10 -sdk /Applications/Xcode.app/Contents/Developer/Platforms/MacOSX.platform/Developer/SDKs/MacOSX10.14.sdk";
				SWIFT_VERSION = 4.2;
			};
			name = Release;
		};
		OBJ_89 /* Debug */ = {
			isa = XCBuildConfiguration;
			buildSettings = {
			};
			name = Debug;
		};
		OBJ_90 /* Release */ = {
			isa = XCBuildConfiguration;
			buildSettings = {
			};
			name = Release;
		};
		OBJ_94 /* Debug */ = {
			isa = XCBuildConfiguration;
			buildSettings = {
				CLANG_ENABLE_MODULES = YES;
				EMBEDDED_CONTENT_CONTAINS_SWIFT = YES;
				FRAMEWORK_SEARCH_PATHS = (
					"$(inherited)",
					"$(PLATFORM_DIR)/Developer/Library/Frameworks",
				);
				HEADER_SEARCH_PATHS = "$(inherited)";
				INFOPLIST_FILE = Blockus.xcodeproj/BlockusTests_Info.plist;
				LD_RUNPATH_SEARCH_PATHS = "$(inherited) @loader_path/../Frameworks @loader_path/Frameworks";
				OTHER_CFLAGS = "$(inherited)";
				OTHER_LDFLAGS = "$(inherited)";
				OTHER_SWIFT_FLAGS = "$(inherited)";
				SWIFT_ACTIVE_COMPILATION_CONDITIONS = "$(inherited)";
				SWIFT_VERSION = 4.2;
				TARGET_NAME = BlockusTests;
			};
			name = Debug;
		};
		OBJ_95 /* Release */ = {
			isa = XCBuildConfiguration;
			buildSettings = {
				CLANG_ENABLE_MODULES = YES;
				EMBEDDED_CONTENT_CONTAINS_SWIFT = YES;
				FRAMEWORK_SEARCH_PATHS = (
					"$(inherited)",
					"$(PLATFORM_DIR)/Developer/Library/Frameworks",
				);
				HEADER_SEARCH_PATHS = "$(inherited)";
				INFOPLIST_FILE = Blockus.xcodeproj/BlockusTests_Info.plist;
				LD_RUNPATH_SEARCH_PATHS = "$(inherited) @loader_path/../Frameworks @loader_path/Frameworks";
				OTHER_CFLAGS = "$(inherited)";
				OTHER_LDFLAGS = "$(inherited)";
				OTHER_SWIFT_FLAGS = "$(inherited)";
				SWIFT_ACTIVE_COMPILATION_CONDITIONS = "$(inherited)";
				SWIFT_VERSION = 4.2;
				TARGET_NAME = BlockusTests;
			};
			name = Release;
		};
/* End XCBuildConfiguration section */

/* Begin XCConfigurationList section */
		OBJ_2 /* Build configuration list for PBXProject "Blockus" */ = {
			isa = XCConfigurationList;
			buildConfigurations = (
				OBJ_3 /* Debug */,
				OBJ_4 /* Release */,
			);
			defaultConfigurationIsVisible = 0;
			defaultConfigurationName = Release;
		};
		OBJ_56 /* Build configuration list for PBXNativeTarget "Blockus" */ = {
			isa = XCConfigurationList;
			buildConfigurations = (
				OBJ_57 /* Debug */,
				OBJ_58 /* Release */,
			);
			defaultConfigurationIsVisible = 0;
			defaultConfigurationName = Release;
		};
		OBJ_82 /* Build configuration list for PBXNativeTarget "BlockusPackageDescription" */ = {
			isa = XCConfigurationList;
			buildConfigurations = (
				OBJ_83 /* Debug */,
				OBJ_84 /* Release */,
			);
			defaultConfigurationIsVisible = 0;
			defaultConfigurationName = Release;
		};
		OBJ_88 /* Build configuration list for PBXAggregateTarget "BlockusPackageTests" */ = {
			isa = XCConfigurationList;
			buildConfigurations = (
				OBJ_89 /* Debug */,
				OBJ_90 /* Release */,
			);
			defaultConfigurationIsVisible = 0;
			defaultConfigurationName = Release;
		};
		OBJ_93 /* Build configuration list for PBXNativeTarget "BlockusTests" */ = {
			isa = XCConfigurationList;
			buildConfigurations = (
				OBJ_94 /* Debug */,
				OBJ_95 /* Release */,
			);
			defaultConfigurationIsVisible = 0;
			defaultConfigurationName = Release;
		};
/* End XCConfigurationList section */
	};
	rootObject = OBJ_1 /* Project object */;
}
